
Microsoft Visual Studio Solution File, Format Version 12.00
# Visual Studio 15
VisualStudioVersion = 15.0.28010.2026
MinimumVisualStudioVersion = 10.0.40219.1
Project("{FAE04EC0-301F-11D3-BF4B-00C04F79EFBC}") = "AC_External", "ConsoleApp1\AC_External.csproj", "{D4FAA358-B394-49F0-9005-58A565CFFA47}"
EndProject
Global
	GlobalSection(SolutionConfigurationPlatforms) = preSolution
		Debug|Any CPU = Debug|Any CPU
		Release|Any CPU = Release|Any CPU
	EndGlobalSection
	GlobalSection(ProjectConfigurationPlatforms) = postSolution
		{D4FAA358-B394-49F0-9005-58A565CFFA47}.Debug|Any CPU.ActiveCfg = Release|Any CPU
		{D4FAA358-B394-49F0-9005-58A565CFFA47}.Debug|Any CPU.Build.0 = Release|Any CPU
		{D4FAA358-B394-49F0-9005-58A565CFFA47}.Release|Any CPU.ActiveCfg = Release|Any CPU
		{D4FAA358-B394-49F0-9005-58A565CFFA47}.Release|Any CPU.Build.0 = Release|Any CPU
	EndGlobalSection
	GlobalSection(SolutionProperties) = preSolution
		HideSolutionNode = FALSE
	EndGlobalSection
	GlobalSection(ExtensibilityGlobals) = postSolution
		SolutionGuid = {B62C8EAD-13D5-429A-855D-3D96C3CFE812}
	EndGlobalSection
EndGlobal
